
Microsoft Visual Studio Solution File, Format Version 12.00
# Visual Studio 2012
Project("{FAE04EC0-301F-11D3-BF4B-00C04F79EFBC}") = "Reader.Web", "Reader.Web\Reader.Web.csproj", "{07F7F578-488F-48E2-B868-5A6309736ED0}"
EndProject
Project("{FAE04EC0-301F-11D3-BF4B-00C04F79EFBC}") = "YangKai.RssReader.Domain", "YangKai.RssReader.Domain\YangKai.RssReader.Domain.csproj", "{E08DB568-1505-49F5-834D-EA4B9C0ADC3B}"
EndProject
Project("{FAE04EC0-301F-11D3-BF4B-00C04F79EFBC}") = "YangKai.RssReader.Infrastructure", "YangKai.RssReader.Infrastructure\YangKai.RssReader.Infrastructure.csproj", "{80C2FE7D-06DF-417B-AE19-7CEF39A604FA}"
EndProject
Project("{FAE04EC0-301F-11D3-BF4B-00C04F79EFBC}") = "YangKai.RssReader.Repositories", "YangKai.RssReader.Repositories\YangKai.RssReader.Repositories.csproj", "{7E699321-FD5A-4C60-9D1D-52209D3D898B}"
EndProject
Project("{FAE04EC0-301F-11D3-BF4B-00C04F79EFBC}") = "YangKai.RssReader.Services", "YangKai.RssReader.Services\YangKai.RssReader.Services.csproj", "{131F6623-FAF7-46B1-B66A-97FEE684398B}"
EndProject
Project("{2150E333-8FDC-42A3-9474-1A3956D46DE8}") = "Temp", "Temp", "{BE26A395-4A62-4AF8-BAC9-161FBDB9ABAC}"
EndProject
Project("{2150E333-8FDC-42A3-9474-1A3956D46DE8}") = "Lib", "Lib", "{1DB33DE8-6325-4BE9-B5B3-3497964F136D}"
	ProjectSection(SolutionItems) = preProject
		Interop.ADODB.dll = Interop.ADODB.dll
		Interop.CDO.dll = Interop.CDO.dll
		RSS.NET.dll = RSS.NET.dll
		System.Data.SQLite.dll = System.Data.SQLite.dll
	EndProjectSection
EndProject
Project("{2150E333-8FDC-42A3-9474-1A3956D46DE8}") = ".nuget", ".nuget", "{10C3597D-D6F4-4DA8-A147-CF0B11F73B33}"
	ProjectSection(SolutionItems) = preProject
		.nuget\NuGet.Config = .nuget\NuGet.Config
		.nuget\NuGet.exe = .nuget\NuGet.exe
		.nuget\NuGet.targets = .nuget\NuGet.targets
	EndProjectSection
EndProject
Project("{FAE04EC0-301F-11D3-BF4B-00C04F79EFBC}") = "Reader.Spider", "Reader.Spider\Reader.Spider.csproj", "{A4F0F262-297A-408A-879D-1C5A66A9D0DC}"
EndProject
Project("{FAE04EC0-301F-11D3-BF4B-00C04F79EFBC}") = "Reader.Domain", "Reader.Domain\Reader.Domain.csproj", "{EF6F1CFD-5624-4619-B463-5ED0EE768732}"
EndProject
Project("{FAE04EC0-301F-11D3-BF4B-00C04F79EFBC}") = "Reader.Infrastructure", "Reader.Infrastructure\Reader.Infrastructure.csproj", "{BD3480E8-F15E-4002-A8A4-C2884FB640C4}"
EndProject
Project("{FAE04EC0-301F-11D3-BF4B-00C04F79EFBC}") = "Reader.Services", "Reader.Services\Reader.Services.csproj", "{02F30C7F-86E3-43B1-874B-73526783564A}"
EndProject
Project("{2150E333-8FDC-42A3-9474-1A3956D46DE8}") = "01", "01", "{CD2FF150-AAFA-49C6-8713-457BC4B161D0}"
EndProject
Project("{2150E333-8FDC-42A3-9474-1A3956D46DE8}") = "02", "02", "{55162B48-2581-4AD2-8526-CBA5ADEFF32D}"
EndProject
Project("{2150E333-8FDC-42A3-9474-1A3956D46DE8}") = "03", "03", "{00C3E644-CD90-428C-AAF1-AA049123531D}"
EndProject
Project("{FAE04EC0-301F-11D3-BF4B-00C04F79EFBC}") = "Reader.Repositories", "Reader.Repositories\Reader.Repositories.csproj", "{E95FDC59-7112-411F-B1D9-2097A9A14D96}"
EndProject
Project("{FAE04EC0-301F-11D3-BF4B-00C04F79EFBC}") = "Reader.Utility", "Reader.Utility\Reader.Utility.csproj", "{45EBBCE9-7C83-4B04-A822-E51EF21F784B}"
EndProject
Global
	GlobalSection(SolutionConfigurationPlatforms) = preSolution
		Debug|Any CPU = Debug|Any CPU
		Release|Any CPU = Release|Any CPU
	EndGlobalSection
	GlobalSection(ProjectConfigurationPlatforms) = postSolution
		{07F7F578-488F-48E2-B868-5A6309736ED0}.Debug|Any CPU.ActiveCfg = Debug|Any CPU
		{07F7F578-488F-48E2-B868-5A6309736ED0}.Debug|Any CPU.Build.0 = Debug|Any CPU
		{07F7F578-488F-48E2-B868-5A6309736ED0}.Release|Any CPU.ActiveCfg = Release|Any CPU
		{07F7F578-488F-48E2-B868-5A6309736ED0}.Release|Any CPU.Build.0 = Release|Any CPU
		{E08DB568-1505-49F5-834D-EA4B9C0ADC3B}.Debug|Any CPU.ActiveCfg = Debug|Any CPU
		{E08DB568-1505-49F5-834D-EA4B9C0ADC3B}.Debug|Any CPU.Build.0 = Debug|Any CPU
		{E08DB568-1505-49F5-834D-EA4B9C0ADC3B}.Release|Any CPU.ActiveCfg = Release|Any CPU
		{E08DB568-1505-49F5-834D-EA4B9C0ADC3B}.Release|Any CPU.Build.0 = Release|Any CPU
		{80C2FE7D-06DF-417B-AE19-7CEF39A604FA}.Debug|Any CPU.ActiveCfg = Debug|Any CPU
		{80C2FE7D-06DF-417B-AE19-7CEF39A604FA}.Debug|Any CPU.Build.0 = Debug|Any CPU
		{80C2FE7D-06DF-417B-AE19-7CEF39A604FA}.Release|Any CPU.ActiveCfg = Release|Any CPU
		{80C2FE7D-06DF-417B-AE19-7CEF39A604FA}.Release|Any CPU.Build.0 = Release|Any CPU
		{7E699321-FD5A-4C60-9D1D-52209D3D898B}.Debug|Any CPU.ActiveCfg = Debug|Any CPU
		{7E699321-FD5A-4C60-9D1D-52209D3D898B}.Debug|Any CPU.Build.0 = Debug|Any CPU
		{7E699321-FD5A-4C60-9D1D-52209D3D898B}.Release|Any CPU.ActiveCfg = Release|Any CPU
		{7E699321-FD5A-4C60-9D1D-52209D3D898B}.Release|Any CPU.Build.0 = Release|Any CPU
		{131F6623-FAF7-46B1-B66A-97FEE684398B}.Debug|Any CPU.ActiveCfg = Debug|Any CPU
		{131F6623-FAF7-46B1-B66A-97FEE684398B}.Debug|Any CPU.Build.0 = Debug|Any CPU
		{131F6623-FAF7-46B1-B66A-97FEE684398B}.Release|Any CPU.ActiveCfg = Release|Any CPU
		{131F6623-FAF7-46B1-B66A-97FEE684398B}.Release|Any CPU.Build.0 = Release|Any CPU
		{A4F0F262-297A-408A-879D-1C5A66A9D0DC}.Debug|Any CPU.ActiveCfg = Debug|Any CPU
		{A4F0F262-297A-408A-879D-1C5A66A9D0DC}.Debug|Any CPU.Build.0 = Debug|Any CPU
		{A4F0F262-297A-408A-879D-1C5A66A9D0DC}.Release|Any CPU.ActiveCfg = Release|Any CPU
		{A4F0F262-297A-408A-879D-1C5A66A9D0DC}.Release|Any CPU.Build.0 = Release|Any CPU
		{EF6F1CFD-5624-4619-B463-5ED0EE768732}.Debug|Any CPU.ActiveCfg = Debug|Any CPU
		{EF6F1CFD-5624-4619-B463-5ED0EE768732}.Debug|Any CPU.Build.0 = Debug|Any CPU
		{EF6F1CFD-5624-4619-B463-5ED0EE768732}.Release|Any CPU.ActiveCfg = Release|Any CPU
		{EF6F1CFD-5624-4619-B463-5ED0EE768732}.Release|Any CPU.Build.0 = Release|Any CPU
		{BD3480E8-F15E-4002-A8A4-C2884FB640C4}.Debug|Any CPU.ActiveCfg = Debug|Any CPU
		{BD3480E8-F15E-4002-A8A4-C2884FB640C4}.Debug|Any CPU.Build.0 = Debug|Any CPU
		{BD3480E8-F15E-4002-A8A4-C2884FB640C4}.Release|Any CPU.ActiveCfg = Release|Any CPU
		{BD3480E8-F15E-4002-A8A4-C2884FB640C4}.Release|Any CPU.Build.0 = Release|Any CPU
		{02F30C7F-86E3-43B1-874B-73526783564A}.Debug|Any CPU.ActiveCfg = Debug|Any CPU
		{02F30C7F-86E3-43B1-874B-73526783564A}.Debug|Any CPU.Build.0 = Debug|Any CPU
		{02F30C7F-86E3-43B1-874B-73526783564A}.Release|Any CPU.ActiveCfg = Release|Any CPU
		{02F30C7F-86E3-43B1-874B-73526783564A}.Release|Any CPU.Build.0 = Release|Any CPU
		{E95FDC59-7112-411F-B1D9-2097A9A14D96}.Debug|Any CPU.ActiveCfg = Debug|Any CPU
		{E95FDC59-7112-411F-B1D9-2097A9A14D96}.Debug|Any CPU.Build.0 = Debug|Any CPU
		{E95FDC59-7112-411F-B1D9-2097A9A14D96}.Release|Any CPU.ActiveCfg = Release|Any CPU
		{E95FDC59-7112-411F-B1D9-2097A9A14D96}.Release|Any CPU.Build.0 = Release|Any CPU
		{45EBBCE9-7C83-4B04-A822-E51EF21F784B}.Debug|Any CPU.ActiveCfg = Debug|Any CPU
		{45EBBCE9-7C83-4B04-A822-E51EF21F784B}.Debug|Any CPU.Build.0 = Debug|Any CPU
		{45EBBCE9-7C83-4B04-A822-E51EF21F784B}.Release|Any CPU.ActiveCfg = Release|Any CPU
		{45EBBCE9-7C83-4B04-A822-E51EF21F784B}.Release|Any CPU.Build.0 = Release|Any CPU
	EndGlobalSection
	GlobalSection(SolutionProperties) = preSolution
		HideSolutionNode = FALSE
	EndGlobalSection
	GlobalSection(NestedProjects) = preSolution
		{A4F0F262-297A-408A-879D-1C5A66A9D0DC} = {CD2FF150-AAFA-49C6-8713-457BC4B161D0}
		{07F7F578-488F-48E2-B868-5A6309736ED0} = {CD2FF150-AAFA-49C6-8713-457BC4B161D0}
		{80C2FE7D-06DF-417B-AE19-7CEF39A604FA} = {BE26A395-4A62-4AF8-BAC9-161FBDB9ABAC}
		{7E699321-FD5A-4C60-9D1D-52209D3D898B} = {BE26A395-4A62-4AF8-BAC9-161FBDB9ABAC}
		{131F6623-FAF7-46B1-B66A-97FEE684398B} = {BE26A395-4A62-4AF8-BAC9-161FBDB9ABAC}
		{E08DB568-1505-49F5-834D-EA4B9C0ADC3B} = {BE26A395-4A62-4AF8-BAC9-161FBDB9ABAC}
		{BD3480E8-F15E-4002-A8A4-C2884FB640C4} = {00C3E644-CD90-428C-AAF1-AA049123531D}
		{EF6F1CFD-5624-4619-B463-5ED0EE768732} = {00C3E644-CD90-428C-AAF1-AA049123531D}
		{E95FDC59-7112-411F-B1D9-2097A9A14D96} = {00C3E644-CD90-428C-AAF1-AA049123531D}
		{02F30C7F-86E3-43B1-874B-73526783564A} = {55162B48-2581-4AD2-8526-CBA5ADEFF32D}
	EndGlobalSection
	GlobalSection(ExtensibilityGlobals) = postSolution
		EnterpriseLibraryConfigurationToolBinariesPath = packages\Unity.2.1.505.2\lib\NET35
	EndGlobalSection
EndGlobal
