
Microsoft Visual Studio Solution File, Format Version 12.00
# Visual Studio 2012
Project("{FAE04EC0-301F-11D3-BF4B-00C04F79EFBC}") = "Reader.Web", "Reader.Web\Reader.Web.csproj", "{07F7F578-488F-48E2-B868-5A6309736ED0}"
EndProject
Project("{FAE04EC0-301F-11D3-BF4B-00C04F79EFBC}") = "YangKai.RssReader.Domain", "YangKai.RssReader.Domain\YangKai.RssReader.Domain.csproj", "{E08DB568-1505-49F5-834D-EA4B9C0ADC3B}"
EndProject
Project("{FAE04EC0-301F-11D3-BF4B-00C04F79EFBC}") = "YangKai.RssReader.Infrastructure", "YangKai.RssReader.Infrastructure\YangKai.RssReader.Infrastructure.csproj", "{80C2FE7D-06DF-417B-AE19-7CEF39A604FA}"
EndProject
Project("{FAE04EC0-301F-11D3-BF4B-00C04F79EFBC}") = "YangKai.RssReader.Repositories", "YangKai.RssReader.Repositories\YangKai.RssReader.Repositories.csproj", "{7E699321-FD5A-4C60-9D1D-52209D3D898B}"
EndProject
Project("{FAE04EC0-301F-11D3-BF4B-00C04F79EFBC}") = "YangKai.RssReader.Services", "YangKai.RssReader.Services\YangKai.RssReader.Services.csproj", "{131F6623-FAF7-46B1-B66A-97FEE684398B}"
EndProject
Project("{2150E333-8FDC-42A3-9474-1A3956D46DE8}") = "Temp", "Temp", "{BE26A395-4A62-4AF8-BAC9-161FBDB9ABAC}"
EndProject
Global
	GlobalSection(SolutionConfigurationPlatforms) = preSolution
		Debug|Any CPU = Debug|Any CPU
		Release|Any CPU = Release|Any CPU
	EndGlobalSection
	GlobalSection(ProjectConfigurationPlatforms) = postSolution
		{07F7F578-488F-48E2-B868-5A6309736ED0}.Debug|Any CPU.ActiveCfg = Debug|Any CPU
		{07F7F578-488F-48E2-B868-5A6309736ED0}.Debug|Any CPU.Build.0 = Debug|Any CPU
		{07F7F578-488F-48E2-B868-5A6309736ED0}.Release|Any CPU.ActiveCfg = Release|Any CPU
		{07F7F578-488F-48E2-B868-5A6309736ED0}.Release|Any CPU.Build.0 = Release|Any CPU
		{E08DB568-1505-49F5-834D-EA4B9C0ADC3B}.Debug|Any CPU.ActiveCfg = Debug|Any CPU
		{E08DB568-1505-49F5-834D-EA4B9C0ADC3B}.Debug|Any CPU.Build.0 = Debug|Any CPU
		{E08DB568-1505-49F5-834D-EA4B9C0ADC3B}.Release|Any CPU.ActiveCfg = Release|Any CPU
		{E08DB568-1505-49F5-834D-EA4B9C0ADC3B}.Release|Any CPU.Build.0 = Release|Any CPU
		{80C2FE7D-06DF-417B-AE19-7CEF39A604FA}.Debug|Any CPU.ActiveCfg = Debug|Any CPU
		{80C2FE7D-06DF-417B-AE19-7CEF39A604FA}.Debug|Any CPU.Build.0 = Debug|Any CPU
		{80C2FE7D-06DF-417B-AE19-7CEF39A604FA}.Release|Any CPU.ActiveCfg = Release|Any CPU
		{80C2FE7D-06DF-417B-AE19-7CEF39A604FA}.Release|Any CPU.Build.0 = Release|Any CPU
		{7E699321-FD5A-4C60-9D1D-52209D3D898B}.Debug|Any CPU.ActiveCfg = Debug|Any CPU
		{7E699321-FD5A-4C60-9D1D-52209D3D898B}.Debug|Any CPU.Build.0 = Debug|Any CPU
		{7E699321-FD5A-4C60-9D1D-52209D3D898B}.Release|Any CPU.ActiveCfg = Release|Any CPU
		{7E699321-FD5A-4C60-9D1D-52209D3D898B}.Release|Any CPU.Build.0 = Release|Any CPU
		{131F6623-FAF7-46B1-B66A-97FEE684398B}.Debug|Any CPU.ActiveCfg = Debug|Any CPU
		{131F6623-FAF7-46B1-B66A-97FEE684398B}.Debug|Any CPU.Build.0 = Debug|Any CPU
		{131F6623-FAF7-46B1-B66A-97FEE684398B}.Release|Any CPU.ActiveCfg = Release|Any CPU
		{131F6623-FAF7-46B1-B66A-97FEE684398B}.Release|Any CPU.Build.0 = Release|Any CPU
	EndGlobalSection
	GlobalSection(SolutionProperties) = preSolution
		HideSolutionNode = FALSE
	EndGlobalSection
	GlobalSection(NestedProjects) = preSolution
		{E08DB568-1505-49F5-834D-EA4B9C0ADC3B} = {BE26A395-4A62-4AF8-BAC9-161FBDB9ABAC}
		{80C2FE7D-06DF-417B-AE19-7CEF39A604FA} = {BE26A395-4A62-4AF8-BAC9-161FBDB9ABAC}
		{7E699321-FD5A-4C60-9D1D-52209D3D898B} = {BE26A395-4A62-4AF8-BAC9-161FBDB9ABAC}
		{131F6623-FAF7-46B1-B66A-97FEE684398B} = {BE26A395-4A62-4AF8-BAC9-161FBDB9ABAC}
	EndGlobalSection
EndGlobal
