
Microsoft Visual Studio Solution File, Format Version 12.00
# Visual Studio 2012
Project("{FAE04EC0-301F-11D3-BF4B-00C04F79EFBC}") = "Reader.Web", "Reader.Web\Reader.Web.csproj", "{07F7F578-488F-48E2-B868-5A6309736ED0}"
EndProject
Global
	GlobalSection(SolutionConfigurationPlatforms) = preSolution
		Debug|Any CPU = Debug|Any CPU
		Release|Any CPU = Release|Any CPU
	EndGlobalSection
	GlobalSection(ProjectConfigurationPlatforms) = postSolution
		{07F7F578-488F-48E2-B868-5A6309736ED0}.Debug|Any CPU.ActiveCfg = Debug|Any CPU
		{07F7F578-488F-48E2-B868-5A6309736ED0}.Debug|Any CPU.Build.0 = Debug|Any CPU
		{07F7F578-488F-48E2-B868-5A6309736ED0}.Release|Any CPU.ActiveCfg = Release|Any CPU
		{07F7F578-488F-48E2-B868-5A6309736ED0}.Release|Any CPU.Build.0 = Release|Any CPU
	EndGlobalSection
	GlobalSection(SolutionProperties) = preSolution
		HideSolutionNode = FALSE
	EndGlobalSection
EndGlobal
